// !$*UTF8*$!
{
	archiveVersion = 1;
	classes = {
	};
	objectVersion = 51;
	objects = {

/* Begin PBXBuildFile section */
		9903209824497A4700F17A1F /* AppDelegate.swift in Sources */ = {isa = PBXBuildFile; fileRef = 9903209724497A4700F17A1F /* AppDelegate.swift */; };
		9903209A24497A4700F17A1F /* SceneDelegate.swift in Sources */ = {isa = PBXBuildFile; fileRef = 9903209924497A4700F17A1F /* SceneDelegate.swift */; };
		9903209C24497A4700F17A1F /* ViewController.swift in Sources */ = {isa = PBXBuildFile; fileRef = 9903209B24497A4700F17A1F /* ViewController.swift */; };
		9903209F24497A4700F17A1F /* Main.storyboard in Resources */ = {isa = PBXBuildFile; fileRef = 9903209D24497A4700F17A1F /* Main.storyboard */; };
		990320A124497A4A00F17A1F /* Assets.xcassets in Resources */ = {isa = PBXBuildFile; fileRef = 990320A024497A4A00F17A1F /* Assets.xcassets */; };
		990320A424497A4A00F17A1F /* LaunchScreen.storyboard in Resources */ = {isa = PBXBuildFile; fileRef = 990320A224497A4A00F17A1F /* LaunchScreen.storyboard */; };
		990320AC244983FE00F17A1F /* RegisterViewController.swift in Sources */ = {isa = PBXBuildFile; fileRef = 990320AB244983FE00F17A1F /* RegisterViewController.swift */; };
		990320AE2449842F00F17A1F /* LoginViewController.swift in Sources */ = {isa = PBXBuildFile; fileRef = 990320AD2449842F00F17A1F /* LoginViewController.swift */; };
		990320B02449847E00F17A1F /* FirebaseViewController.swift in Sources */ = {isa = PBXBuildFile; fileRef = 990320AF2449847E00F17A1F /* FirebaseViewController.swift */; };
		990320B22449B39500F17A1F /* GoogleService-Info.plist in Resources */ = {isa = PBXBuildFile; fileRef = 990320B12449B39500F17A1F /* GoogleService-Info.plist */; };
		D011A2378C2E301702E483BA /* Pods_firebaseTest.framework in Frameworks */ = {isa = PBXBuildFile; fileRef = 2715E1E6FBD450A57F3D0401 /* Pods_firebaseTest.framework */; };
/* End PBXBuildFile section */

/* Begin PBXFileReference section */
		2715E1E6FBD450A57F3D0401 /* Pods_firebaseTest.framework */ = {isa = PBXFileReference; explicitFileType = wrapper.framework; includeInIndex = 0; path = Pods_firebaseTest.framework; sourceTree = BUILT_PRODUCTS_DIR; };
		9903209424497A4700F17A1F /* firebaseTest.app */ = {isa = PBXFileReference; explicitFileType = wrapper.application; includeInIndex = 0; path = firebaseTest.app; sourceTree = BUILT_PRODUCTS_DIR; };
		9903209724497A4700F17A1F /* AppDelegate.swift */ = {isa = PBXFileReference; lastKnownFileType = sourcecode.swift; path = AppDelegate.swift; sourceTree = "<group>"; };
		9903209924497A4700F17A1F /* SceneDelegate.swift */ = {isa = PBXFileReference; lastKnownFileType = sourcecode.swift; path = SceneDelegate.swift; sourceTree = "<group>"; };
		9903209B24497A4700F17A1F /* ViewController.swift */ = {isa = PBXFileReference; lastKnownFileType = sourcecode.swift; path = ViewController.swift; sourceTree = "<group>"; };
		9903209E24497A4700F17A1F /* Base */ = {isa = PBXFileReference; lastKnownFileType = file.storyboard; name = Base; path = Base.lproj/Main.storyboard; sourceTree = "<group>"; };
		990320A024497A4A00F17A1F /* Assets.xcassets */ = {isa = PBXFileReference; lastKnownFileType = folder.assetcatalog; path = Assets.xcassets; sourceTree = "<group>"; };
		990320A324497A4A00F17A1F /* Base */ = {isa = PBXFileReference; lastKnownFileType = file.storyboard; name = Base; path = Base.lproj/LaunchScreen.storyboard; sourceTree = "<group>"; };
		990320A524497A4A00F17A1F /* Info.plist */ = {isa = PBXFileReference; lastKnownFileType = text.plist.xml; path = Info.plist; sourceTree = "<group>"; };
		990320AB244983FE00F17A1F /* RegisterViewController.swift */ = {isa = PBXFileReference; lastKnownFileType = sourcecode.swift; path = RegisterViewController.swift; sourceTree = "<group>"; };
		990320AD2449842F00F17A1F /* LoginViewController.swift */ = {isa = PBXFileReference; lastKnownFileType = sourcecode.swift; path = LoginViewController.swift; sourceTree = "<group>"; };
		990320AF2449847E00F17A1F /* FirebaseViewController.swift */ = {isa = PBXFileReference; lastKnownFileType = sourcecode.swift; path = FirebaseViewController.swift; sourceTree = "<group>"; };
		990320B12449B39500F17A1F /* GoogleService-Info.plist */ = {isa = PBXFileReference; fileEncoding = 4; lastKnownFileType = text.plist.xml; path = "GoogleService-Info.plist"; sourceTree = "<group>"; };
		AB71B6BBFE863A93BDA7F8CD /* Pods-firebaseTest.debug.xcconfig */ = {isa = PBXFileReference; includeInIndex = 1; lastKnownFileType = text.xcconfig; name = "Pods-firebaseTest.debug.xcconfig"; path = "Target Support Files/Pods-firebaseTest/Pods-firebaseTest.debug.xcconfig"; sourceTree = "<group>"; };
		C525A57E3CBFB58BF460C0DD /* Pods-firebaseTest.release.xcconfig */ = {isa = PBXFileReference; includeInIndex = 1; lastKnownFileType = text.xcconfig; name = "Pods-firebaseTest.release.xcconfig"; path = "Target Support Files/Pods-firebaseTest/Pods-firebaseTest.release.xcconfig"; sourceTree = "<group>"; };
/* End PBXFileReference section */

/* Begin PBXFrameworksBuildPhase section */
		9903209124497A4700F17A1F /* Frameworks */ = {
			isa = PBXFrameworksBuildPhase;
			buildActionMask = 2147483647;
			files = (
				D011A2378C2E301702E483BA /* Pods_firebaseTest.framework in Frameworks */,
			);
			runOnlyForDeploymentPostprocessing = 0;
		};
/* End PBXFrameworksBuildPhase section */

/* Begin PBXGroup section */
		9903208B24497A4700F17A1F = {
			isa = PBXGroup;
			children = (
				9903209624497A4700F17A1F /* firebaseTest */,
				9903209524497A4700F17A1F /* Products */,
				F99EEB03F7095E93883ECE50 /* Pods */,
				C3F495B8937C66FC1F9C75EA /* Frameworks */,
			);
			sourceTree = "<group>";
		};
		9903209524497A4700F17A1F /* Products */ = {
			isa = PBXGroup;
			children = (
				9903209424497A4700F17A1F /* firebaseTest.app */,
			);
			name = Products;
			sourceTree = "<group>";
		};
		9903209624497A4700F17A1F /* firebaseTest */ = {
			isa = PBXGroup;
			children = (
				9903209724497A4700F17A1F /* AppDelegate.swift */,
				9903209924497A4700F17A1F /* SceneDelegate.swift */,
				9903209B24497A4700F17A1F /* ViewController.swift */,
				990320AB244983FE00F17A1F /* RegisterViewController.swift */,
				990320AD2449842F00F17A1F /* LoginViewController.swift */,
				990320AF2449847E00F17A1F /* FirebaseViewController.swift */,
				9903209D24497A4700F17A1F /* Main.storyboard */,
				990320A024497A4A00F17A1F /* Assets.xcassets */,
				990320A224497A4A00F17A1F /* LaunchScreen.storyboard */,
				990320A524497A4A00F17A1F /* Info.plist */,
				990320B12449B39500F17A1F /* GoogleService-Info.plist */,
			);
			path = firebaseTest;
			sourceTree = "<group>";
		};
		C3F495B8937C66FC1F9C75EA /* Frameworks */ = {
			isa = PBXGroup;
			children = (
				2715E1E6FBD450A57F3D0401 /* Pods_firebaseTest.framework */,
			);
			name = Frameworks;
			sourceTree = "<group>";
		};
		F99EEB03F7095E93883ECE50 /* Pods */ = {
			isa = PBXGroup;
			children = (
				AB71B6BBFE863A93BDA7F8CD /* Pods-firebaseTest.debug.xcconfig */,
				C525A57E3CBFB58BF460C0DD /* Pods-firebaseTest.release.xcconfig */,
			);
			path = Pods;
			sourceTree = "<group>";
		};
/* End PBXGroup section */

/* Begin PBXNativeTarget section */
		9903209324497A4700F17A1F /* firebaseTest */ = {
			isa = PBXNativeTarget;
			buildConfigurationList = 990320A824497A4A00F17A1F /* Build configuration list for PBXNativeTarget "firebaseTest" */;
			buildPhases = (
				341AD6569C01D459BF843D9F /* [CP] Check Pods Manifest.lock */,
				9903209024497A4700F17A1F /* Sources */,
				9903209124497A4700F17A1F /* Frameworks */,
				9903209224497A4700F17A1F /* Resources */,
				203C5852C8DCC7C3DC13C5C9 /* [CP] Embed Pods Frameworks */,
			);
			buildRules = (
			);
			dependencies = (
			);
			name = firebaseTest;
			productName = firebaseTest;
			productReference = 9903209424497A4700F17A1F /* firebaseTest.app */;
			productType = "com.apple.product-type.application";
		};
/* End PBXNativeTarget section */

/* Begin PBXProject section */
		9903208C24497A4700F17A1F /* Project object */ = {
			isa = PBXProject;
			attributes = {
				LastSwiftUpdateCheck = 1130;
				LastUpgradeCheck = 1130;
				ORGANIZATIONNAME = "Dhanshri Pawar";
				TargetAttributes = {
					9903209324497A4700F17A1F = {
						CreatedOnToolsVersion = 11.3.1;
					};
				};
			};
			buildConfigurationList = 9903208F24497A4700F17A1F /* Build configuration list for PBXProject "firebaseTest" */;
			compatibilityVersion = "Xcode 9.3";
			developmentRegion = en;
			hasScannedForEncodings = 0;
			knownRegions = (
				en,
				Base,
			);
			mainGroup = 9903208B24497A4700F17A1F;
			productRefGroup = 9903209524497A4700F17A1F /* Products */;
			projectDirPath = "";
			projectRoot = "";
			targets = (
				9903209324497A4700F17A1F /* firebaseTest */,
			);
		};
/* End PBXProject section */

/* Begin PBXResourcesBuildPhase section */
		9903209224497A4700F17A1F /* Resources */ = {
			isa = PBXResourcesBuildPhase;
			buildActionMask = 2147483647;
			files = (
				990320A424497A4A00F17A1F /* LaunchScreen.storyboard in Resources */,
				990320B22449B39500F17A1F /* GoogleService-Info.plist in Resources */,
				990320A124497A4A00F17A1F /* Assets.xcassets in Resources */,
				9903209F24497A4700F17A1F /* Main.storyboard in Resources */,
			);
			runOnlyForDeploymentPostprocessing = 0;
		};
/* End PBXResourcesBuildPhase section */

/* Begin PBXShellScriptBuildPhase section */
		203C5852C8DCC7C3DC13C5C9 /* [CP] Embed Pods Frameworks */ = {
			isa = PBXShellScriptBuildPhase;
			buildActionMask = 2147483647;
			files = (
			);
			inputFileListPaths = (
				"${PODS_ROOT}/Target Support Files/Pods-firebaseTest/Pods-firebaseTest-frameworks-${CONFIGURATION}-input-files.xcfilelist",
			);
			name = "[CP] Embed Pods Frameworks";
			outputFileListPaths = (
				"${PODS_ROOT}/Target Support Files/Pods-firebaseTest/Pods-firebaseTest-frameworks-${CONFIGURATION}-output-files.xcfilelist",
			);
			runOnlyForDeploymentPostprocessing = 0;
			shellPath = /bin/sh;
			shellScript = "\"${PODS_ROOT}/Target Support Files/Pods-firebaseTest/Pods-firebaseTest-frameworks.sh\"\n";
			showEnvVarsInLog = 0;
		};
		341AD6569C01D459BF843D9F /* [CP] Check Pods Manifest.lock */ = {
			isa = PBXShellScriptBuildPhase;
			buildActionMask = 2147483647;
			files = (
			);
			inputFileListPaths = (
			);
			inputPaths = (
				"${PODS_PODFILE_DIR_PATH}/Podfile.lock",
				"${PODS_ROOT}/Manifest.lock",
			);
			name = "[CP] Check Pods Manifest.lock";
			outputFileListPaths = (
			);
			outputPaths = (
				"$(DERIVED_FILE_DIR)/Pods-firebaseTest-checkManifestLockResult.txt",
			);
			runOnlyForDeploymentPostprocessing = 0;
			shellPath = /bin/sh;
			shellScript = "diff \"${PODS_PODFILE_DIR_PATH}/Podfile.lock\" \"${PODS_ROOT}/Manifest.lock\" > /dev/null\nif [ $? != 0 ] ; then\n    # print error to STDERR\n    echo \"error: The sandbox is not in sync with the Podfile.lock. Run 'pod install' or update your CocoaPods installation.\" >&2\n    exit 1\nfi\n# This output is used by Xcode 'outputs' to avoid re-running this script phase.\necho \"SUCCESS\" > \"${SCRIPT_OUTPUT_FILE_0}\"\n";
			showEnvVarsInLog = 0;
		};
/* End PBXShellScriptBuildPhase section */

/* Begin PBXSourcesBuildPhase section */
		9903209024497A4700F17A1F /* Sources */ = {
			isa = PBXSourcesBuildPhase;
			buildActionMask = 2147483647;
			files = (
				9903209C24497A4700F17A1F /* ViewController.swift in Sources */,
				9903209824497A4700F17A1F /* AppDelegate.swift in Sources */,
				9903209A24497A4700F17A1F /* SceneDelegate.swift in Sources */,
				990320B02449847E00F17A1F /* FirebaseViewController.swift in Sources */,
				990320AE2449842F00F17A1F /* LoginViewController.swift in Sources */,
				990320AC244983FE00F17A1F /* RegisterViewController.swift in Sources */,
			);
			runOnlyForDeploymentPostprocessing = 0;
		};
/* End PBXSourcesBuildPhase section */

/* Begin PBXVariantGroup section */
		9903209D24497A4700F17A1F /* Main.storyboard */ = {
			isa = PBXVariantGroup;
			children = (
				9903209E24497A4700F17A1F /* Base */,
			);
			name = Main.storyboard;
			sourceTree = "<group>";
		};
		990320A224497A4A00F17A1F /* LaunchScreen.storyboard */ = {
			isa = PBXVariantGroup;
			children = (
				990320A324497A4A00F17A1F /* Base */,
			);
			name = LaunchScreen.storyboard;
			sourceTree = "<group>";
		};
/* End PBXVariantGroup section */

/* Begin XCBuildConfiguration section */
		990320A624497A4A00F17A1F /* Debug */ = {
			isa = XCBuildConfiguration;
			buildSettings = {
				ALWAYS_SEARCH_USER_PATHS = NO;
				CLANG_ANALYZER_NONNULL = YES;
				CLANG_ANALYZER_NUMBER_OBJECT_CONVERSION = YES_AGGRESSIVE;
				CLANG_CXX_LANGUAGE_STANDARD = "gnu++14";
				CLANG_CXX_LIBRARY = "libc++";
				CLANG_ENABLE_MODULES = YES;
				CLANG_ENABLE_OBJC_ARC = YES;
				CLANG_ENABLE_OBJC_WEAK = YES;
				CLANG_WARN_BLOCK_CAPTURE_AUTORELEASING = YES;
				CLANG_WARN_BOOL_CONVERSION = YES;
				CLANG_WARN_COMMA = YES;
				CLANG_WARN_CONSTANT_CONVERSION = YES;
				CLANG_WARN_DEPRECATED_OBJC_IMPLEMENTATIONS = YES;
				CLANG_WARN_DIRECT_OBJC_ISA_USAGE = YES_ERROR;
				CLANG_WARN_DOCUMENTATION_COMMENTS = YES;
				CLANG_WARN_EMPTY_BODY = YES;
				CLANG_WARN_ENUM_CONVERSION = YES;
				CLANG_WARN_INFINITE_RECURSION = YES;
				CLANG_WARN_INT_CONVERSION = YES;
				CLANG_WARN_NON_LITERAL_NULL_CONVERSION = YES;
				CLANG_WARN_OBJC_IMPLICIT_RETAIN_SELF = YES;
				CLANG_WARN_OBJC_LITERAL_CONVERSION = YES;
				CLANG_WARN_OBJC_ROOT_CLASS = YES_ERROR;
				CLANG_WARN_RANGE_LOOP_ANALYSIS = YES;
				CLANG_WARN_STRICT_PROTOTYPES = YES;
				CLANG_WARN_SUSPICIOUS_MOVE = YES;
				CLANG_WARN_UNGUARDED_AVAILABILITY = YES_AGGRESSIVE;
				CLANG_WARN_UNREACHABLE_CODE = YES;
				CLANG_WARN__DUPLICATE_METHOD_MATCH = YES;
				COPY_PHASE_STRIP = NO;
				DEBUG_INFORMATION_FORMAT = dwarf;
				ENABLE_STRICT_OBJC_MSGSEND = YES;
				ENABLE_TESTABILITY = YES;
				GCC_C_LANGUAGE_STANDARD = gnu11;
				GCC_DYNAMIC_NO_PIC = NO;
				GCC_NO_COMMON_BLOCKS = YES;
				GCC_OPTIMIZATION_LEVEL = 0;
				GCC_PREPROCESSOR_DEFINITIONS = (
					"DEBUG=1",
					"$(inherited)",
				);
				GCC_WARN_64_TO_32_BIT_CONVERSION = YES;
				GCC_WARN_ABOUT_RETURN_TYPE = YES_ERROR;
				GCC_WARN_UNDECLARED_SELECTOR = YES;
				GCC_WARN_UNINITIALIZED_AUTOS = YES_AGGRESSIVE;
				GCC_WARN_UNUSED_FUNCTION = YES;
				GCC_WARN_UNUSED_VARIABLE = YES;
				IPHONEOS_DEPLOYMENT_TARGET = 13.2;
				MTL_ENABLE_DEBUG_INFO = INCLUDE_SOURCE;
				MTL_FAST_MATH = YES;
				ONLY_ACTIVE_ARCH = YES;
				SDKROOT = iphoneos;
				SWIFT_ACTIVE_COMPILATION_CONDITIONS = DEBUG;
				SWIFT_OPTIMIZATION_LEVEL = "-Onone";
			};
			name = Debug;
		};
		990320A724497A4A00F17A1F /* Release */ = {
			isa = XCBuildConfiguration;
			buildSettings = {
				ALWAYS_SEARCH_USER_PATHS = NO;
				CLANG_ANALYZER_NONNULL = YES;
				CLANG_ANALYZER_NUMBER_OBJECT_CONVERSION = YES_AGGRESSIVE;
				CLANG_CXX_LANGUAGE_STANDARD = "gnu++14";
				CLANG_CXX_LIBRARY = "libc++";
				CLANG_ENABLE_MODULES = YES;
				CLANG_ENABLE_OBJC_ARC = YES;
				CLANG_ENABLE_OBJC_WEAK = YES;
				CLANG_WARN_BLOCK_CAPTURE_AUTORELEASING = YES;
				CLANG_WARN_BOOL_CONVERSION = YES;
				CLANG_WARN_COMMA = YES;
				CLANG_WARN_CONSTANT_CONVERSION = YES;
				CLANG_WARN_DEPRECATED_OBJC_IMPLEMENTATIONS = YES;
				CLANG_WARN_DIRECT_OBJC_ISA_USAGE = YES_ERROR;
				CLANG_WARN_DOCUMENTATION_COMMENTS = YES;
				CLANG_WARN_EMPTY_BODY = YES;
				CLANG_WARN_ENUM_CONVERSION = YES;
				CLANG_WARN_INFINITE_RECURSION = YES;
				CLANG_WARN_INT_CONVERSION = YES;
				CLANG_WARN_NON_LITERAL_NULL_CONVERSION = YES;
				CLANG_WARN_OBJC_IMPLICIT_RETAIN_SELF = YES;
				CLANG_WARN_OBJC_LITERAL_CONVERSION = YES;
				CLANG_WARN_OBJC_ROOT_CLASS = YES_ERROR;
				CLANG_WARN_RANGE_LOOP_ANALYSIS = YES;
				CLANG_WARN_STRICT_PROTOTYPES = YES;
				CLANG_WARN_SUSPICIOUS_MOVE = YES;
				CLANG_WARN_UNGUARDED_AVAILABILITY = YES_AGGRESSIVE;
				CLANG_WARN_UNREACHABLE_CODE = YES;
				CLANG_WARN__DUPLICATE_METHOD_MATCH = YES;
				COPY_PHASE_STRIP = NO;
				DEBUG_INFORMATION_FORMAT = "dwarf-with-dsym";
				ENABLE_NS_ASSERTIONS = NO;
				ENABLE_STRICT_OBJC_MSGSEND = YES;
				GCC_C_LANGUAGE_STANDARD = gnu11;
				GCC_NO_COMMON_BLOCKS = YES;
				GCC_WARN_64_TO_32_BIT_CONVERSION = YES;
				GCC_WARN_ABOUT_RETURN_TYPE = YES_ERROR;
				GCC_WARN_UNDECLARED_SELECTOR = YES;
				GCC_WARN_UNINITIALIZED_AUTOS = YES_AGGRESSIVE;
				GCC_WARN_UNUSED_FUNCTION = YES;
				GCC_WARN_UNUSED_VARIABLE = YES;
				IPHONEOS_DEPLOYMENT_TARGET = 13.2;
				MTL_ENABLE_DEBUG_INFO = NO;
				MTL_FAST_MATH = YES;
				SDKROOT = iphoneos;
				SWIFT_COMPILATION_MODE = wholemodule;
				SWIFT_OPTIMIZATION_LEVEL = "-O";
				VALIDATE_PRODUCT = YES;
			};
			name = Release;
		};
		990320A924497A4A00F17A1F /* Debug */ = {
			isa = XCBuildConfiguration;
			baseConfigurationReference = AB71B6BBFE863A93BDA7F8CD /* Pods-firebaseTest.debug.xcconfig */;
			buildSettings = {
				ASSETCATALOG_COMPILER_APPICON_NAME = AppIcon;
				CODE_SIGN_STYLE = Automatic;
				INFOPLIST_FILE = firebaseTest/Info.plist;
				LD_RUNPATH_SEARCH_PATHS = (
					"$(inherited)",
					"@executable_path/Frameworks",
				);
				PRODUCT_BUNDLE_IDENTIFIER = com.dhanshri.firebaseTest;
				PRODUCT_NAME = "$(TARGET_NAME)";
				SWIFT_VERSION = 5.0;
				TARGETED_DEVICE_FAMILY = "1,2";
			};
			name = Debug;
		};
		990320AA24497A4A00F17A1F /* Release */ = {
			isa = XCBuildConfiguration;
			baseConfigurationReference = C525A57E3CBFB58BF460C0DD /* Pods-firebaseTest.release.xcconfig */;
			buildSettings = {
				ASSETCATALOG_COMPILER_APPICON_NAME = AppIcon;
				CODE_SIGN_STYLE = Automatic;
				INFOPLIST_FILE = firebaseTest/Info.plist;
				LD_RUNPATH_SEARCH_PATHS = (
					"$(inherited)",
					"@executable_path/Frameworks",
				);
				PRODUCT_BUNDLE_IDENTIFIER = com.dhanshri.firebaseTest;
				PRODUCT_NAME = "$(TARGET_NAME)";
				SWIFT_VERSION = 5.0;
				TARGETED_DEVICE_FAMILY = "1,2";
			};
			name = Release;
		};
/* End XCBuildConfiguration section */

/* Begin XCConfigurationList section */
		9903208F24497A4700F17A1F /* Build configuration list for PBXProject "firebaseTest" */ = {
			isa = XCConfigurationList;
			buildConfigurations = (
				990320A624497A4A00F17A1F /* Debug */,
				990320A724497A4A00F17A1F /* Release */,
			);
			defaultConfigurationIsVisible = 0;
			defaultConfigurationName = Release;
		};
		990320A824497A4A00F17A1F /* Build configuration list for PBXNativeTarget "firebaseTest" */ = {
			isa = XCConfigurationList;
			buildConfigurations = (
				990320A924497A4A00F17A1F /* Debug */,
				990320AA24497A4A00F17A1F /* Release */,
			);
			defaultConfigurationIsVisible = 0;
			defaultConfigurationName = Release;
		};
/* End XCConfigurationList section */
	};
	rootObject = 9903208C24497A4700F17A1F /* Project object */;
}
